
Microsoft Visual Studio Solution File, Format Version 12.00
# Visual Studio Version 17
VisualStudioVersion = 17.11.35219.272
MinimumVisualStudioVersion = 10.0.40219.1
Project("{FAE04EC0-301F-11D3-BF4B-00C04F79EFBC}") = "MauiApp1", "MauiApp1\MauiApp1.csproj", "{9AC69957-F5CF-4CDD-9778-E2232B639E0A}"
EndProject
Global
	GlobalSection(SolutionConfigurationPlatforms) = preSolution
		Debug|Any CPU = Debug|Any CPU
		Release|Any CPU = Release|Any CPU
	EndGlobalSection
	GlobalSection(ProjectConfigurationPlatforms) = postSolution
		{9AC69957-F5CF-4CDD-9778-E2232B639E0A}.Debug|Any CPU.ActiveCfg = Debug|Any CPU
		{9AC69957-F5CF-4CDD-9778-E2232B639E0A}.Debug|Any CPU.Build.0 = Debug|Any CPU
		{9AC69957-F5CF-4CDD-9778-E2232B639E0A}.Debug|Any CPU.Deploy.0 = Debug|Any CPU
		{9AC69957-F5CF-4CDD-9778-E2232B639E0A}.Release|Any CPU.ActiveCfg = Release|Any CPU
		{9AC69957-F5CF-4CDD-9778-E2232B639E0A}.Release|Any CPU.Build.0 = Release|Any CPU
		{9AC69957-F5CF-4CDD-9778-E2232B639E0A}.Release|Any CPU.Deploy.0 = Release|Any CPU
	EndGlobalSection
	GlobalSection(SolutionProperties) = preSolution
		HideSolutionNode = FALSE
	EndGlobalSection
	GlobalSection(ExtensibilityGlobals) = postSolution
		SolutionGuid = {05FC3AAA-5A7C-40CC-90D9-3FABDADF1030}
	EndGlobalSection
EndGlobal
